{
  "version": "2",
  "remote": {
    "https://deno.land/std@0.182.0/fmt/colors.ts": "d67e3cd9f472535241a8e410d33423980bec45047e343577554d3356e1f0ef4e",
    "https://deno.land/std@0.182.0/testing/_diff.ts": "1a3c044aedf77647d6cac86b798c6417603361b66b54c53331b312caeb447aea",
    "https://deno.land/std@0.182.0/testing/_format.ts": "a69126e8a469009adf4cf2a50af889aca364c349797e63174884a52ff75cf4c7",
    "https://deno.land/std@0.182.0/testing/asserts.ts": "e16d98b4d73ffc4ed498d717307a12500ae4f2cbe668f1a215632d19fcffc22f",
    "https://deno.land/x/case@2.1.1/camelCase.ts": "0808961e69e1883c6e94faf85e333196a464ceba46ddc76984d7b8ce9e26a43a",
    "https://deno.land/x/case@2.1.1/constantCase.ts": "e50eaa8a45cf68417902fda218f03a99e45e2a30f7fce2db325306c84e8c3f0a",
    "https://deno.land/x/case@2.1.1/dotCase.ts": "ef3977567057e6c2a4e1b5ca09ec34b9e0788c1a50246187c11f435a468be17e",
    "https://deno.land/x/case@2.1.1/headerCase.ts": "4440a251a196fb6d7090213c39e4c6c50ddecab90c14ec91495bee3563082d3c",
    "https://deno.land/x/case@2.1.1/lowerCase.ts": "86d5533f9587ed60003181591e40e648838c23f371edfa79d00288153d113b16",
    "https://deno.land/x/case@2.1.1/lowerFirstCase.ts": "74e8ebe10f3c54a9d8e81d21127a20fcfb34c446e9c49b2a335162babd652de9",
    "https://deno.land/x/case@2.1.1/mod.ts": "28b0b1329c7b18730799ac05627a433d9547c04b9bfb429116247c60edecd97b",
    "https://deno.land/x/case@2.1.1/normalCase.ts": "6a8b924da9ab0790d99233ae54bfcfc996d229cb91b2533639fe20972cc33dac",
    "https://deno.land/x/case@2.1.1/paramCase.ts": "cf3101c59fd4f16ee14fd09985adb7fa3dbfb194f102499986f7407995202394",
    "https://deno.land/x/case@2.1.1/pascalCase.ts": "f68936d584182c8f4b341238bd9c424b1a740bfba3ab2847234f57a4c205f1df",
    "https://deno.land/x/case@2.1.1/pathCase.ts": "76e5f437369f8981e17ecdb07870e1c9c8d2d0357f1bf3377e2b0eb132159ed8",
    "https://deno.land/x/case@2.1.1/sentenceCase.ts": "f3355985a6a41e088c8c9be80219e5e055a68ad9a987df084a57ee437a0871c5",
    "https://deno.land/x/case@2.1.1/snakeCase.ts": "ee2ab4e2c931d30bb79190d090c21eb5c00d1de1b7a9a3e7f33e035ae431333b",
    "https://deno.land/x/case@2.1.1/swapCase.ts": "d9b5ee5b8e1ee3d202cbce32a504dde976b9002ed94b4527054a004179905dbb",
    "https://deno.land/x/case@2.1.1/titleCase.ts": "36d3fc73df58712240a74b04d84191ac22dd2866bef3838b02157f8e46cb0ecb",
    "https://deno.land/x/case@2.1.1/types.ts": "8e2bd6edaa27c0d1972c0d5b76698564740f37b4d3787d58d1fb5f48de611e61",
    "https://deno.land/x/case@2.1.1/upperCase.ts": "e6a1a3dea30e17013aa212ec237b35e2dd5c5c0b1501778c07db66ff0bbe4372",
    "https://deno.land/x/case@2.1.1/upperFirstCase.ts": "2b083db95744105a4f4accefe66dcd09390634514abf757fc580a7ebad58bf4f",
    "https://deno.land/x/case@2.1.1/vendor/camelCaseRegexp.ts": "7d9ff02aad4ab6429eeab7c7353f7bcdd6cc5909a8bd3dda97918c8bbb7621ae",
    "https://deno.land/x/case@2.1.1/vendor/camelCaseUpperRegexp.ts": "292de54a698370f90adcdf95727993d09888b7f33d17f72f8e54ba75f7791787",
    "https://deno.land/x/case@2.1.1/vendor/nonWordRegexp.ts": "c1a052629a694144b48c66b0175a22a83f4d61cb40f4e45293fc5d6b123f927e",
    "https://deno.land/x/denoflate@1.2.1/mod.ts": "f5628e44b80b3d80ed525afa2ba0f12408e3849db817d47a883b801f9ce69dd6",
    "https://deno.land/x/denoflate@1.2.1/pkg/denoflate.js": "b9f9ad9457d3f12f28b1fb35c555f57443427f74decb403113d67364e4f2caf4",
    "https://deno.land/x/denoflate@1.2.1/pkg/denoflate_bg.wasm.js": "d581956245407a2115a3d7e8d85a9641c032940a8e810acbd59ca86afd34d44d",
    "https://deno.land/x/esbuild@v0.14.51/mod.d.ts": "c142324d0383c39de0d7660cd207a7f7f52c7198a13d7d3281c0d636a070f441",
    "https://deno.land/x/esbuild@v0.14.51/mod.js": "7432566c71fac77637822dc230319c7392a2d2fef51204c9d12c956d7093c279"
  }
}
